
Microsoft Visual Studio Solution File, Format Version 12.00
# Visual Studio Version 16
VisualStudioVersion = 16.0.31613.86
MinimumVisualStudioVersion = 10.0.40219.1
Project("{FAE04EC0-301F-11D3-BF4B-00C04F79EFBC}") = "delegates", "delegates\delegates.csproj", "{89CFDF4B-3951-49A7-A85B-DC46A333786C}"
EndProject
Global
	GlobalSection(SolutionConfigurationPlatforms) = preSolution
		Debug|Any CPU = Debug|Any CPU
		Release|Any CPU = Release|Any CPU
	EndGlobalSection
	GlobalSection(ProjectConfigurationPlatforms) = postSolution
		{89CFDF4B-3951-49A7-A85B-DC46A333786C}.Debug|Any CPU.ActiveCfg = Debug|Any CPU
		{89CFDF4B-3951-49A7-A85B-DC46A333786C}.Debug|Any CPU.Build.0 = Debug|Any CPU
		{89CFDF4B-3951-49A7-A85B-DC46A333786C}.Release|Any CPU.ActiveCfg = Release|Any CPU
		{89CFDF4B-3951-49A7-A85B-DC46A333786C}.Release|Any CPU.Build.0 = Release|Any CPU
	EndGlobalSection
	GlobalSection(SolutionProperties) = preSolution
		HideSolutionNode = FALSE
	EndGlobalSection
	GlobalSection(ExtensibilityGlobals) = postSolution
		SolutionGuid = {11007B0F-F51D-4CB9-A126-6C460314B923}
	EndGlobalSection
EndGlobal
